{
  "version": 4,
  "terraform_version": "1.13.4",
  "serial": 31,
  "lineage": "452b5dc9-5887-5fbf-fc61-a8b68d2aac86",
  "outputs": {
    "nginx_server_private_dns": {
      "value": "ip-172-31-23-120.ec2.internal",
      "type": "string"
    },
    "nginx_server_private_ip": {
      "value": "172.31.23.120",
      "type": "string"
    },
    "nginx_server_public_dns": {
      "value": "ec2-13-221-110-136.compute-1.amazonaws.com",
      "type": "string"
    },
    "nginx_server_public_ip": {
      "value": "13.221.110.136",
      "type": "string"
    },
    "ssh_connection_command": {
      "value": "ssh -i ./keys/nginx-server.key ec2-user@13.221.110.136",
      "type": "string"
    }
  },
  "resources": [
    {
      "mode": "data",
      "type": "aws_ami",
      "name": "amazon_linux_2",
      "provider": "provider[\"registry.terraform.io/hashicorp/aws\"]",
      "instances": [
        {
          "schema_version": 0,
          "attributes": {
            "allow_unsafe_filter": null,
            "architecture": "x86_64",
            "arn": "arn:aws:ec2:us-east-1::image/ami-0601422bf6afa8ac3",
            "block_device_mappings": [
              {
                "device_name": "/dev/xvda",
                "ebs": {
                  "delete_on_termination": "true",
                  "encrypted": "false",
                  "iops": "0",
                  "snapshot_id": "snap-009bb0813babda1d2",
                  "throughput": "0",
                  "volume_initialization_rate": "0",
                  "volume_size": "8",
                  "volume_type": "gp2"
                },
                "no_device": "",
                "virtual_name": ""
              }
            ],
            "boot_mode": "",
            "creation_date": "2025-10-24T17:55:29.000Z",
            "deprecation_time": "2026-01-22T00:00:00.000Z",
            "description": "Amazon Linux 2 AMI 2.0.20251027.1 x86_64 HVM gp2",
            "ena_support": true,
            "executable_users": null,
            "filter": [
              {
                "name": "name",
                "values": [
                  "amzn2-ami-hvm-*-x86_64-gp2"
                ]
              }
            ],
            "hypervisor": "xen",
            "id": "ami-0601422bf6afa8ac3",
            "image_id": "ami-0601422bf6afa8ac3",
            "image_location": "amazon/amzn2-ami-hvm-2.0.20251027.1-x86_64-gp2",
            "image_owner_alias": "amazon",
            "image_type": "machine",
            "imds_support": "",
            "include_deprecated": false,
            "kernel_id": "",
            "last_launched_time": "",
            "most_recent": true,
            "name": "amzn2-ami-hvm-2.0.20251027.1-x86_64-gp2",
            "name_regex": null,
            "owner_id": "137112412989",
            "owners": [
              "amazon"
            ],
            "platform": "",
            "platform_details": "Linux/UNIX",
            "product_codes": [],
            "public": true,
            "ramdisk_id": "",
            "region": "us-east-1",
            "root_device_name": "/dev/xvda",
            "root_device_type": "ebs",
            "root_snapshot_id": "snap-009bb0813babda1d2",
            "sriov_net_support": "simple",
            "state": "available",
            "state_reason": {
              "code": "UNSET",
              "message": "UNSET"
            },
            "tags": {},
            "timeouts": null,
            "tpm_support": "",
            "uefi_data": null,
            "usage_operation": "RunInstances",
            "virtualization_type": "hvm"
          },
          "sensitive_attributes": [],
          "identity_schema_version": 0
        }
      ]
    },
    {
      "mode": "managed",
      "type": "aws_key_pair",
      "name": "nginx_server_ssh_key",
      "provider": "provider[\"registry.terraform.io/hashicorp/aws\"]",
      "instances": [
        {
          "schema_version": 1,
          "attributes": {
            "arn": "arn:aws:ec2:us-east-1:718530840971:key-pair/nginx_server-SSH-Key",
            "fingerprint": "d3:58:7f:e8:53:e7:3c:b8:a2:08:2a:87:d5:c9:f2:29",
            "id": "nginx_server-SSH-Key",
            "key_name": "nginx_server-SSH-Key",
            "key_name_prefix": "",
            "key_pair_id": "key-0d778bf420959d3f8",
            "key_type": "rsa",
            "public_key": "ssh-rsa AAAAB3NzaC1yc2EAAAADAQABAAABAQDiGYESWZlLxEnCjgDg1zY0QWuQmTVxtpisc5sfBw6i63YmQKXGgr7i+rhq4vUA8EC50XF8PdW8AteR49xlc2UdicvNedS9Swql0gJSro/VNtDLKLWj0P8EXpxYIl6rfyJfeeqZpad2qyc5mF7LcsI5X0K99rkP6tmst9okO+x7W1vlTdDubPTZ/mk2f3D7CFp2Dxa1KToqYF6c4GK/cWP1g6jt9VuRRBSb8VoI9quHt+pMLiyZ04bpJIeTqVmD2UNaXnop04FOQIK1wx8Ljr0n31RemPT8JS42ptRJ35M0aproOLKuDhET66c+U1I7H2OSg0CAmt0UVLSLWdyBVoYd darkcaos64@PC-G",
            "region": "us-east-1",
            "tags": {
              "Environment": "Development",
              "Name": "nginx_server-SSH-Key",
              "Team": "DevOps",
              "owner": "Jose Escalante",
              "project": "Terraform Practice"
            },
            "tags_all": {
              "Environment": "Development",
              "Name": "nginx_server-SSH-Key",
              "Team": "DevOps",
              "owner": "Jose Escalante",
              "project": "Terraform Practice"
            }
          },
          "sensitive_attributes": [],
          "identity_schema_version": 0,
          "private": "eyJzY2hlbWFfdmVyc2lvbiI6IjEifQ=="
        }
      ]
    },
    {
      "mode": "managed",
      "type": "aws_security_group",
      "name": "nginx_sg",
      "provider": "provider[\"registry.terraform.io/hashicorp/aws\"]",
      "instances": [
        {
          "schema_version": 1,
          "attributes": {
            "arn": "arn:aws:ec2:us-east-1:718530840971:security-group/sg-03885f0e2444047f8",
            "description": "Allow HTTP and SSH traffic",
            "egress": [
              {
                "cidr_blocks": [
                  "0.0.0.0/0"
                ],
                "description": "",
                "from_port": 0,
                "ipv6_cidr_blocks": [],
                "prefix_list_ids": [],
                "protocol": "-1",
                "security_groups": [],
                "self": false,
                "to_port": 0
              }
            ],
            "id": "sg-03885f0e2444047f8",
            "ingress": [
              {
                "cidr_blocks": [
                  "0.0.0.0/0"
                ],
                "description": "",
                "from_port": 22,
                "ipv6_cidr_blocks": [],
                "prefix_list_ids": [],
                "protocol": "tcp",
                "security_groups": [],
                "self": false,
                "to_port": 22
              },
              {
                "cidr_blocks": [
                  "0.0.0.0/0"
                ],
                "description": "",
                "from_port": 80,
                "ipv6_cidr_blocks": [],
                "prefix_list_ids": [],
                "protocol": "tcp",
                "security_groups": [],
                "self": false,
                "to_port": 80
              }
            ],
            "name": "nginx_sg",
            "name_prefix": "",
            "owner_id": "718530840971",
            "region": "us-east-1",
            "revoke_rules_on_delete": false,
            "tags": {
              "Environment": "Development",
              "Name": "nginx_server-SG",
              "Team": "DevOps",
              "owner": "Jose Escalante",
              "project": "Terraform Practice"
            },
            "tags_all": {
              "Environment": "Development",
              "Name": "nginx_server-SG",
              "Team": "DevOps",
              "owner": "Jose Escalante",
              "project": "Terraform Practice"
            },
            "timeouts": null,
            "vpc_id": "vpc-0f6535660cb3de1f0"
          },
          "sensitive_attributes": [],
          "identity_schema_version": 0,
          "identity": {
            "account_id": "718530840971",
            "id": "sg-03885f0e2444047f8",
            "region": "us-east-1"
          },
          "private": "eyJlMmJmYjczMC1lY2FhLTExZTYtOGY4OC0zNDM2M2JjN2M0YzAiOnsiY3JlYXRlIjo2MDAwMDAwMDAwMDAsImRlbGV0ZSI6OTAwMDAwMDAwMDAwfSwic2NoZW1hX3ZlcnNpb24iOiIxIn0="
        }
      ]
    }
  ],
  "check_results": null
}
