{
  "version": 4,
  "terraform_version": "1.13.4",
  "serial": 72,
  "lineage": "452b5dc9-5887-5fbf-fc61-a8b68d2aac86",
  "outputs": {
    "nginx_dev_server_private_dns": {
      "value": "ip-172-31-28-181.ec2.internal",
      "type": "string"
    },
    "nginx_dev_server_privateip": {
      "value": "172.31.28.181",
      "type": "string"
    },
    "nginx_dev_server_public_dns": {
      "value": "ec2-18-215-181-12.compute-1.amazonaws.com",
      "type": "string"
    },
    "nginx_dev_server_publicip": {
      "value": "18.215.181.12",
      "type": "string"
    },
    "nginx_qa_server_private_dns": {
      "value": "ip-172-31-28-30.ec2.internal",
      "type": "string"
    },
    "nginx_qa_server_privateip": {
      "value": "172.31.28.30",
      "type": "string"
    },
    "nginx_qa_server_public_dns": {
      "value": "ec2-98-88-18-228.compute-1.amazonaws.com",
      "type": "string"
    },
    "nginx_qa_server_publicip": {
      "value": "98.88.18.228",
      "type": "string"
    },
    "ssh_connection_command_dev": {
      "value": "ssh -i ./keys/nginx-server.key ec2-user@18.215.181.12",
      "type": "string"
    },
    "ssh_connection_command_qa": {
      "value": "ssh -i ./keys/nginx-server.key ec2-user@98.88.18.228",
      "type": "string"
    }
  },
  "resources": [
    {
      "module": "module.nginx_server-dev",
      "mode": "data",
      "type": "aws_ami",
      "name": "amazon_linux_2",
      "provider": "module.nginx_server-dev.provider[\"registry.terraform.io/hashicorp/aws\"]",
      "instances": [
        {
          "schema_version": 0,
          "attributes": {
            "allow_unsafe_filter": null,
            "architecture": "x86_64",
            "arn": "arn:aws:ec2:us-east-1::image/ami-0601422bf6afa8ac3",
            "block_device_mappings": [
              {
                "device_name": "/dev/xvda",
                "ebs": {
                  "delete_on_termination": "true",
                  "encrypted": "false",
                  "iops": "0",
                  "snapshot_id": "snap-009bb0813babda1d2",
                  "throughput": "0",
                  "volume_initialization_rate": "0",
                  "volume_size": "8",
                  "volume_type": "gp2"
                },
                "no_device": "",
                "virtual_name": ""
              }
            ],
            "boot_mode": "",
            "creation_date": "2025-10-24T17:55:29.000Z",
            "deprecation_time": "2026-01-22T00:00:00.000Z",
            "description": "Amazon Linux 2 AMI 2.0.20251027.1 x86_64 HVM gp2",
            "ena_support": true,
            "executable_users": null,
            "filter": [
              {
                "name": "name",
                "values": [
                  "amzn2-ami-hvm-*-x86_64-gp2"
                ]
              }
            ],
            "hypervisor": "xen",
            "id": "ami-0601422bf6afa8ac3",
            "image_id": "ami-0601422bf6afa8ac3",
            "image_location": "amazon/amzn2-ami-hvm-2.0.20251027.1-x86_64-gp2",
            "image_owner_alias": "amazon",
            "image_type": "machine",
            "imds_support": "",
            "include_deprecated": false,
            "kernel_id": "",
            "last_launched_time": "",
            "most_recent": true,
            "name": "amzn2-ami-hvm-2.0.20251027.1-x86_64-gp2",
            "name_regex": null,
            "owner_id": "137112412989",
            "owners": [
              "amazon"
            ],
            "platform": "",
            "platform_details": "Linux/UNIX",
            "product_codes": [],
            "public": true,
            "ramdisk_id": "",
            "region": "us-east-1",
            "root_device_name": "/dev/xvda",
            "root_device_type": "ebs",
            "root_snapshot_id": "snap-009bb0813babda1d2",
            "sriov_net_support": "simple",
            "state": "available",
            "state_reason": {
              "code": "UNSET",
              "message": "UNSET"
            },
            "tags": {},
            "timeouts": null,
            "tpm_support": "",
            "uefi_data": null,
            "usage_operation": "RunInstances",
            "virtualization_type": "hvm"
          },
          "sensitive_attributes": [],
          "identity_schema_version": 0
        }
      ]
    },
    {
      "module": "module.nginx_server-dev",
      "mode": "managed",
      "type": "aws_instance",
      "name": "nginx_server",
      "provider": "module.nginx_server-dev.provider[\"registry.terraform.io/hashicorp/aws\"]",
      "instances": [
        {
          "schema_version": 2,
          "attributes": {
            "ami": "ami-080c353f4798a202f",
            "arn": "arn:aws:ec2:us-east-1:718530840971:instance/i-0680e095d08381077",
            "associate_public_ip_address": true,
            "availability_zone": "us-east-1c",
            "capacity_reservation_specification": [
              {
                "capacity_reservation_preference": "open",
                "capacity_reservation_target": []
              }
            ],
            "cpu_options": [
              {
                "amd_sev_snp": "",
                "core_count": 1,
                "threads_per_core": 2
              }
            ],
            "credit_specification": [
              {
                "cpu_credits": "unlimited"
              }
            ],
            "disable_api_stop": false,
            "disable_api_termination": false,
            "ebs_block_device": [],
            "ebs_optimized": false,
            "enable_primary_ipv6": null,
            "enclave_options": [
              {
                "enabled": false
              }
            ],
            "ephemeral_block_device": [],
            "force_destroy": false,
            "get_password_data": false,
            "hibernation": false,
            "host_id": "",
            "host_resource_group_arn": null,
            "iam_instance_profile": "",
            "id": "i-0680e095d08381077",
            "instance_initiated_shutdown_behavior": "stop",
            "instance_lifecycle": "",
            "instance_market_options": [],
            "instance_state": "running",
            "instance_type": "t3.micro",
            "ipv6_address_count": 0,
            "ipv6_addresses": [],
            "key_name": "nginx_server-dev-development-ssh-key",
            "launch_template": [],
            "maintenance_options": [
              {
                "auto_recovery": "default"
              }
            ],
            "metadata_options": [
              {
                "http_endpoint": "enabled",
                "http_protocol_ipv6": "disabled",
                "http_put_response_hop_limit": 2,
                "http_tokens": "required",
                "instance_metadata_tags": "disabled"
              }
            ],
            "monitoring": false,
            "network_interface": [],
            "outpost_arn": "",
            "password_data": "",
            "placement_group": "",
            "placement_group_id": "",
            "placement_partition_number": 0,
            "primary_network_interface": [
              {
                "delete_on_termination": true,
                "network_interface_id": "eni-0284b879cb46dd3ab"
              }
            ],
            "primary_network_interface_id": "eni-0284b879cb46dd3ab",
            "private_dns": "ip-172-31-28-181.ec2.internal",
            "private_dns_name_options": [
              {
                "enable_resource_name_dns_a_record": false,
                "enable_resource_name_dns_aaaa_record": false,
                "hostname_type": "ip-name"
              }
            ],
            "private_ip": "172.31.28.181",
            "public_dns": "ec2-18-215-181-12.compute-1.amazonaws.com",
            "public_ip": "18.215.181.12",
            "region": "us-east-1",
            "root_block_device": [
              {
                "delete_on_termination": true,
                "device_name": "/dev/xvda",
                "encrypted": false,
                "iops": 3000,
                "kms_key_id": "",
                "tags": {},
                "tags_all": {},
                "throughput": 125,
                "volume_id": "vol-01ad813f7e76954ad",
                "volume_size": 8,
                "volume_type": "gp3"
              }
            ],
            "secondary_private_ips": [],
            "security_groups": [
              "nginx_server-dev-development-sg"
            ],
            "source_dest_check": true,
            "spot_instance_request_id": "",
            "subnet_id": "subnet-0e2139caf55aabb90",
            "tags": {
              "Environment": "development",
              "Name": "nginx_server-dev",
              "Team": "DevOps",
              "owner": "Jose Escalante",
              "project": "Terraform Practice"
            },
            "tags_all": {
              "Environment": "development",
              "Name": "nginx_server-dev",
              "Team": "DevOps",
              "owner": "Jose Escalante",
              "project": "Terraform Practice"
            },
            "tenancy": "default",
            "timeouts": null,
            "user_data": "                #!/bin/bash -xe\r\n                yum update -y\r\n                amazon-linux-extras install -y nginx1\r\n                systemctl enable --now nginx\r\n",
            "user_data_base64": null,
            "user_data_replace_on_change": false,
            "volume_tags": null,
            "vpc_security_group_ids": [
              "sg-0f938a908a9c311e0"
            ]
          },
          "sensitive_attributes": [],
          "identity_schema_version": 0,
          "identity": {
            "account_id": "718530840971",
            "id": "i-0680e095d08381077",
            "region": "us-east-1"
          },
          "private": "eyJlMmJmYjczMC1lY2FhLTExZTYtOGY4OC0zNDM2M2JjN2M0YzAiOnsiY3JlYXRlIjo2MDAwMDAwMDAwMDAsImRlbGV0ZSI6MTIwMDAwMDAwMDAwMCwicmVhZCI6OTAwMDAwMDAwMDAwLCJ1cGRhdGUiOjYwMDAwMDAwMDAwMH0sInNjaGVtYV92ZXJzaW9uIjoiMiJ9",
          "dependencies": [
            "module.nginx_server-dev.aws_key_pair.nginx_server_ssh_key",
            "module.nginx_server-dev.aws_security_group.nginx_sg"
          ]
        }
      ]
    },
    {
      "module": "module.nginx_server-dev",
      "mode": "managed",
      "type": "aws_key_pair",
      "name": "nginx_server_ssh_key",
      "provider": "module.nginx_server-dev.provider[\"registry.terraform.io/hashicorp/aws\"]",
      "instances": [
        {
          "schema_version": 1,
          "attributes": {
            "arn": "arn:aws:ec2:us-east-1:718530840971:key-pair/nginx_server-dev-development-ssh-key",
            "fingerprint": "d3:58:7f:e8:53:e7:3c:b8:a2:08:2a:87:d5:c9:f2:29",
            "id": "nginx_server-dev-development-ssh-key",
            "key_name": "nginx_server-dev-development-ssh-key",
            "key_name_prefix": "",
            "key_pair_id": "key-0df15c3260b10ee05",
            "key_type": "rsa",
            "public_key": "ssh-rsa AAAAB3NzaC1yc2EAAAADAQABAAABAQDiGYESWZlLxEnCjgDg1zY0QWuQmTVxtpisc5sfBw6i63YmQKXGgr7i+rhq4vUA8EC50XF8PdW8AteR49xlc2UdicvNedS9Swql0gJSro/VNtDLKLWj0P8EXpxYIl6rfyJfeeqZpad2qyc5mF7LcsI5X0K99rkP6tmst9okO+x7W1vlTdDubPTZ/mk2f3D7CFp2Dxa1KToqYF6c4GK/cWP1g6jt9VuRRBSb8VoI9quHt+pMLiyZ04bpJIeTqVmD2UNaXnop04FOQIK1wx8Ljr0n31RemPT8JS42ptRJ35M0aproOLKuDhET66c+U1I7H2OSg0CAmt0UVLSLWdyBVoYd darkcaos64@PC-G",
            "region": "us-east-1",
            "tags": {
              "Environment": "development",
              "Name": "nginx_server-dev-development-ssh-key",
              "Team": "DevOps",
              "owner": "Jose Escalante",
              "project": "Terraform Practice"
            },
            "tags_all": {
              "Environment": "development",
              "Name": "nginx_server-dev-development-ssh-key",
              "Team": "DevOps",
              "owner": "Jose Escalante",
              "project": "Terraform Practice"
            }
          },
          "sensitive_attributes": [],
          "identity_schema_version": 0,
          "private": "eyJzY2hlbWFfdmVyc2lvbiI6IjEifQ=="
        }
      ]
    },
    {
      "module": "module.nginx_server-dev",
      "mode": "managed",
      "type": "aws_security_group",
      "name": "nginx_sg",
      "provider": "module.nginx_server-dev.provider[\"registry.terraform.io/hashicorp/aws\"]",
      "instances": [
        {
          "schema_version": 1,
          "attributes": {
            "arn": "arn:aws:ec2:us-east-1:718530840971:security-group/sg-0f938a908a9c311e0",
            "description": "Allow HTTP and SSH traffic",
            "egress": [
              {
                "cidr_blocks": [
                  "0.0.0.0/0"
                ],
                "description": "",
                "from_port": 0,
                "ipv6_cidr_blocks": [],
                "prefix_list_ids": [],
                "protocol": "-1",
                "security_groups": [],
                "self": false,
                "to_port": 0
              }
            ],
            "id": "sg-0f938a908a9c311e0",
            "ingress": [
              {
                "cidr_blocks": [
                  "0.0.0.0/0"
                ],
                "description": "",
                "from_port": 22,
                "ipv6_cidr_blocks": [],
                "prefix_list_ids": [],
                "protocol": "tcp",
                "security_groups": [],
                "self": false,
                "to_port": 22
              },
              {
                "cidr_blocks": [
                  "0.0.0.0/0"
                ],
                "description": "",
                "from_port": 80,
                "ipv6_cidr_blocks": [],
                "prefix_list_ids": [],
                "protocol": "tcp",
                "security_groups": [],
                "self": false,
                "to_port": 80
              }
            ],
            "name": "nginx_server-dev-development-sg",
            "name_prefix": "",
            "owner_id": "718530840971",
            "region": "us-east-1",
            "revoke_rules_on_delete": false,
            "tags": {
              "Environment": "development",
              "Name": "nginx_server-dev-SG",
              "Team": "DevOps",
              "owner": "Jose Escalante",
              "project": "Terraform Practice"
            },
            "tags_all": {
              "Environment": "development",
              "Name": "nginx_server-dev-SG",
              "Team": "DevOps",
              "owner": "Jose Escalante",
              "project": "Terraform Practice"
            },
            "timeouts": null,
            "vpc_id": "vpc-0f6535660cb3de1f0"
          },
          "sensitive_attributes": [],
          "identity_schema_version": 0,
          "identity": {
            "account_id": "718530840971",
            "id": "sg-0f938a908a9c311e0",
            "region": "us-east-1"
          },
          "private": "eyJlMmJmYjczMC1lY2FhLTExZTYtOGY4OC0zNDM2M2JjN2M0YzAiOnsiY3JlYXRlIjo2MDAwMDAwMDAwMDAsImRlbGV0ZSI6OTAwMDAwMDAwMDAwfSwic2NoZW1hX3ZlcnNpb24iOiIxIn0="
        }
      ]
    },
    {
      "module": "module.nginx_server-qa",
      "mode": "data",
      "type": "aws_ami",
      "name": "amazon_linux_2",
      "provider": "module.nginx_server-qa.provider[\"registry.terraform.io/hashicorp/aws\"]",
      "instances": [
        {
          "schema_version": 0,
          "attributes": {
            "allow_unsafe_filter": null,
            "architecture": "x86_64",
            "arn": "arn:aws:ec2:us-east-1::image/ami-0601422bf6afa8ac3",
            "block_device_mappings": [
              {
                "device_name": "/dev/xvda",
                "ebs": {
                  "delete_on_termination": "true",
                  "encrypted": "false",
                  "iops": "0",
                  "snapshot_id": "snap-009bb0813babda1d2",
                  "throughput": "0",
                  "volume_initialization_rate": "0",
                  "volume_size": "8",
                  "volume_type": "gp2"
                },
                "no_device": "",
                "virtual_name": ""
              }
            ],
            "boot_mode": "",
            "creation_date": "2025-10-24T17:55:29.000Z",
            "deprecation_time": "2026-01-22T00:00:00.000Z",
            "description": "Amazon Linux 2 AMI 2.0.20251027.1 x86_64 HVM gp2",
            "ena_support": true,
            "executable_users": null,
            "filter": [
              {
                "name": "name",
                "values": [
                  "amzn2-ami-hvm-*-x86_64-gp2"
                ]
              }
            ],
            "hypervisor": "xen",
            "id": "ami-0601422bf6afa8ac3",
            "image_id": "ami-0601422bf6afa8ac3",
            "image_location": "amazon/amzn2-ami-hvm-2.0.20251027.1-x86_64-gp2",
            "image_owner_alias": "amazon",
            "image_type": "machine",
            "imds_support": "",
            "include_deprecated": false,
            "kernel_id": "",
            "last_launched_time": "",
            "most_recent": true,
            "name": "amzn2-ami-hvm-2.0.20251027.1-x86_64-gp2",
            "name_regex": null,
            "owner_id": "137112412989",
            "owners": [
              "amazon"
            ],
            "platform": "",
            "platform_details": "Linux/UNIX",
            "product_codes": [],
            "public": true,
            "ramdisk_id": "",
            "region": "us-east-1",
            "root_device_name": "/dev/xvda",
            "root_device_type": "ebs",
            "root_snapshot_id": "snap-009bb0813babda1d2",
            "sriov_net_support": "simple",
            "state": "available",
            "state_reason": {
              "code": "UNSET",
              "message": "UNSET"
            },
            "tags": {},
            "timeouts": null,
            "tpm_support": "",
            "uefi_data": null,
            "usage_operation": "RunInstances",
            "virtualization_type": "hvm"
          },
          "sensitive_attributes": [],
          "identity_schema_version": 0
        }
      ]
    },
    {
      "module": "module.nginx_server-qa",
      "mode": "managed",
      "type": "aws_instance",
      "name": "nginx_server",
      "provider": "module.nginx_server-qa.provider[\"registry.terraform.io/hashicorp/aws\"]",
      "instances": [
        {
          "schema_version": 2,
          "attributes": {
            "ami": "ami-080c353f4798a202f",
            "arn": "arn:aws:ec2:us-east-1:718530840971:instance/i-0b6fe0d9e9cf2b1c3",
            "associate_public_ip_address": true,
            "availability_zone": "us-east-1c",
            "capacity_reservation_specification": [
              {
                "capacity_reservation_preference": "open",
                "capacity_reservation_target": []
              }
            ],
            "cpu_options": [
              {
                "amd_sev_snp": "",
                "core_count": 1,
                "threads_per_core": 2
              }
            ],
            "credit_specification": [
              {
                "cpu_credits": "unlimited"
              }
            ],
            "disable_api_stop": false,
            "disable_api_termination": false,
            "ebs_block_device": [],
            "ebs_optimized": false,
            "enable_primary_ipv6": null,
            "enclave_options": [
              {
                "enabled": false
              }
            ],
            "ephemeral_block_device": [],
            "force_destroy": false,
            "get_password_data": false,
            "hibernation": false,
            "host_id": "",
            "host_resource_group_arn": null,
            "iam_instance_profile": "",
            "id": "i-0b6fe0d9e9cf2b1c3",
            "instance_initiated_shutdown_behavior": "stop",
            "instance_lifecycle": "",
            "instance_market_options": [],
            "instance_state": "running",
            "instance_type": "t3.micro",
            "ipv6_address_count": 0,
            "ipv6_addresses": [],
            "key_name": "nginx_server-dev-qa-ssh-key",
            "launch_template": [],
            "maintenance_options": [
              {
                "auto_recovery": "default"
              }
            ],
            "metadata_options": [
              {
                "http_endpoint": "enabled",
                "http_protocol_ipv6": "disabled",
                "http_put_response_hop_limit": 2,
                "http_tokens": "required",
                "instance_metadata_tags": "disabled"
              }
            ],
            "monitoring": false,
            "network_interface": [],
            "outpost_arn": "",
            "password_data": "",
            "placement_group": "",
            "placement_group_id": "",
            "placement_partition_number": 0,
            "primary_network_interface": [
              {
                "delete_on_termination": true,
                "network_interface_id": "eni-06305bbe8131aaf80"
              }
            ],
            "primary_network_interface_id": "eni-06305bbe8131aaf80",
            "private_dns": "ip-172-31-28-30.ec2.internal",
            "private_dns_name_options": [
              {
                "enable_resource_name_dns_a_record": false,
                "enable_resource_name_dns_aaaa_record": false,
                "hostname_type": "ip-name"
              }
            ],
            "private_ip": "172.31.28.30",
            "public_dns": "ec2-98-88-18-228.compute-1.amazonaws.com",
            "public_ip": "98.88.18.228",
            "region": "us-east-1",
            "root_block_device": [
              {
                "delete_on_termination": true,
                "device_name": "/dev/xvda",
                "encrypted": false,
                "iops": 3000,
                "kms_key_id": "",
                "tags": {},
                "tags_all": {},
                "throughput": 125,
                "volume_id": "vol-064ab89d032b90103",
                "volume_size": 8,
                "volume_type": "gp3"
              }
            ],
            "secondary_private_ips": [],
            "security_groups": [
              "nginx_server-dev-qa-sg"
            ],
            "source_dest_check": true,
            "spot_instance_request_id": "",
            "subnet_id": "subnet-0e2139caf55aabb90",
            "tags": {
              "Environment": "qa",
              "Name": "nginx_server-dev",
              "Team": "DevOps",
              "owner": "Jose Escalante",
              "project": "Terraform Practice"
            },
            "tags_all": {
              "Environment": "qa",
              "Name": "nginx_server-dev",
              "Team": "DevOps",
              "owner": "Jose Escalante",
              "project": "Terraform Practice"
            },
            "tenancy": "default",
            "timeouts": null,
            "user_data": "                #!/bin/bash -xe\r\n                yum update -y\r\n                amazon-linux-extras install -y nginx1\r\n                systemctl enable --now nginx\r\n",
            "user_data_base64": null,
            "user_data_replace_on_change": false,
            "volume_tags": null,
            "vpc_security_group_ids": [
              "sg-00f127dfda7771e7b"
            ]
          },
          "sensitive_attributes": [],
          "identity_schema_version": 0,
          "identity": {
            "account_id": "718530840971",
            "id": "i-0b6fe0d9e9cf2b1c3",
            "region": "us-east-1"
          },
          "private": "eyJlMmJmYjczMC1lY2FhLTExZTYtOGY4OC0zNDM2M2JjN2M0YzAiOnsiY3JlYXRlIjo2MDAwMDAwMDAwMDAsImRlbGV0ZSI6MTIwMDAwMDAwMDAwMCwicmVhZCI6OTAwMDAwMDAwMDAwLCJ1cGRhdGUiOjYwMDAwMDAwMDAwMH0sInNjaGVtYV92ZXJzaW9uIjoiMiJ9",
          "dependencies": [
            "module.nginx_server-qa.aws_key_pair.nginx_server_ssh_key",
            "module.nginx_server-qa.aws_security_group.nginx_sg"
          ]
        }
      ]
    },
    {
      "module": "module.nginx_server-qa",
      "mode": "managed",
      "type": "aws_key_pair",
      "name": "nginx_server_ssh_key",
      "provider": "module.nginx_server-qa.provider[\"registry.terraform.io/hashicorp/aws\"]",
      "instances": [
        {
          "schema_version": 1,
          "attributes": {
            "arn": "arn:aws:ec2:us-east-1:718530840971:key-pair/nginx_server-dev-qa-ssh-key",
            "fingerprint": "d3:58:7f:e8:53:e7:3c:b8:a2:08:2a:87:d5:c9:f2:29",
            "id": "nginx_server-dev-qa-ssh-key",
            "key_name": "nginx_server-dev-qa-ssh-key",
            "key_name_prefix": "",
            "key_pair_id": "key-02a719ff6549cc206",
            "key_type": "rsa",
            "public_key": "ssh-rsa AAAAB3NzaC1yc2EAAAADAQABAAABAQDiGYESWZlLxEnCjgDg1zY0QWuQmTVxtpisc5sfBw6i63YmQKXGgr7i+rhq4vUA8EC50XF8PdW8AteR49xlc2UdicvNedS9Swql0gJSro/VNtDLKLWj0P8EXpxYIl6rfyJfeeqZpad2qyc5mF7LcsI5X0K99rkP6tmst9okO+x7W1vlTdDubPTZ/mk2f3D7CFp2Dxa1KToqYF6c4GK/cWP1g6jt9VuRRBSb8VoI9quHt+pMLiyZ04bpJIeTqVmD2UNaXnop04FOQIK1wx8Ljr0n31RemPT8JS42ptRJ35M0aproOLKuDhET66c+U1I7H2OSg0CAmt0UVLSLWdyBVoYd darkcaos64@PC-G",
            "region": "us-east-1",
            "tags": {
              "Environment": "qa",
              "Name": "nginx_server-dev-qa-ssh-key",
              "Team": "DevOps",
              "owner": "Jose Escalante",
              "project": "Terraform Practice"
            },
            "tags_all": {
              "Environment": "qa",
              "Name": "nginx_server-dev-qa-ssh-key",
              "Team": "DevOps",
              "owner": "Jose Escalante",
              "project": "Terraform Practice"
            }
          },
          "sensitive_attributes": [],
          "identity_schema_version": 0,
          "private": "eyJzY2hlbWFfdmVyc2lvbiI6IjEifQ=="
        }
      ]
    },
    {
      "module": "module.nginx_server-qa",
      "mode": "managed",
      "type": "aws_security_group",
      "name": "nginx_sg",
      "provider": "module.nginx_server-qa.provider[\"registry.terraform.io/hashicorp/aws\"]",
      "instances": [
        {
          "schema_version": 1,
          "attributes": {
            "arn": "arn:aws:ec2:us-east-1:718530840971:security-group/sg-00f127dfda7771e7b",
            "description": "Allow HTTP and SSH traffic",
            "egress": [
              {
                "cidr_blocks": [
                  "0.0.0.0/0"
                ],
                "description": "",
                "from_port": 0,
                "ipv6_cidr_blocks": [],
                "prefix_list_ids": [],
                "protocol": "-1",
                "security_groups": [],
                "self": false,
                "to_port": 0
              }
            ],
            "id": "sg-00f127dfda7771e7b",
            "ingress": [
              {
                "cidr_blocks": [
                  "0.0.0.0/0"
                ],
                "description": "",
                "from_port": 22,
                "ipv6_cidr_blocks": [],
                "prefix_list_ids": [],
                "protocol": "tcp",
                "security_groups": [],
                "self": false,
                "to_port": 22
              },
              {
                "cidr_blocks": [
                  "0.0.0.0/0"
                ],
                "description": "",
                "from_port": 80,
                "ipv6_cidr_blocks": [],
                "prefix_list_ids": [],
                "protocol": "tcp",
                "security_groups": [],
                "self": false,
                "to_port": 80
              }
            ],
            "name": "nginx_server-dev-qa-sg",
            "name_prefix": "",
            "owner_id": "718530840971",
            "region": "us-east-1",
            "revoke_rules_on_delete": false,
            "tags": {
              "Environment": "qa",
              "Name": "nginx_server-dev-SG",
              "Team": "DevOps",
              "owner": "Jose Escalante",
              "project": "Terraform Practice"
            },
            "tags_all": {
              "Environment": "qa",
              "Name": "nginx_server-dev-SG",
              "Team": "DevOps",
              "owner": "Jose Escalante",
              "project": "Terraform Practice"
            },
            "timeouts": null,
            "vpc_id": "vpc-0f6535660cb3de1f0"
          },
          "sensitive_attributes": [],
          "identity_schema_version": 0,
          "identity": {
            "account_id": "718530840971",
            "id": "sg-00f127dfda7771e7b",
            "region": "us-east-1"
          },
          "private": "eyJlMmJmYjczMC1lY2FhLTExZTYtOGY4OC0zNDM2M2JjN2M0YzAiOnsiY3JlYXRlIjo2MDAwMDAwMDAwMDAsImRlbGV0ZSI6OTAwMDAwMDAwMDAwfSwic2NoZW1hX3ZlcnNpb24iOiIxIn0="
        }
      ]
    }
  ],
  "check_results": null
}
